
Microsoft Visual Studio Solution File, Format Version 12.00
# Visual Studio Version 16
VisualStudioVersion = 16.0.31019.35
MinimumVisualStudioVersion = 10.0.40219.1
Project("{FAE04EC0-301F-11D3-BF4B-00C04F79EFBC}") = "Conditionals", "Conditionals\Conditionals.csproj", "{67754E0A-884D-4285-B101-B4E07BBA4FD7}"
EndProject
Project("{FAE04EC0-301F-11D3-BF4B-00C04F79EFBC}") = "Methods", "Methods\Methods.csproj", "{0EE5F33D-EBA1-4C96-8D3C-A5DFEEDEE678}"
EndProject
Project("{FAE04EC0-301F-11D3-BF4B-00C04F79EFBC}") = "Arrays", "Arrays\Arrays.csproj", "{49182BD5-916E-4E97-BA7E-078C519A9A10}"
EndProject
Project("{FAE04EC0-301F-11D3-BF4B-00C04F79EFBC}") = "Loops", "Loops\Loops.csproj", "{A7BB198C-7032-4B3D-82B1-6BC5DC15BA87}"
EndProject
Project("{FAE04EC0-301F-11D3-BF4B-00C04F79EFBC}") = "Strings", "Strings\Strings.csproj", "{27AE2D2C-509D-4512-8D2D-2F4EDD9E759A}"
EndProject
Project("{FAE04EC0-301F-11D3-BF4B-00C04F79EFBC}") = "Classes", "Classes\Classes.csproj", "{C9E53E0D-D55B-43F6-A943-492A615A14D6}"
EndProject
Project("{FAE04EC0-301F-11D3-BF4B-00C04F79EFBC}") = "Interfaces", "Interfaces\Interfaces.csproj", "{C0916FF7-C8C6-48FE-AF80-3E12F0095013}"
EndProject
Project("{FAE04EC0-301F-11D3-BF4B-00C04F79EFBC}") = "Inheritance", "Inheritance\Inheritance.csproj", "{7DCDF538-6C13-4C50-B9E7-6361DC755D1D}"
EndProject
Project("{FAE04EC0-301F-11D3-BF4B-00C04F79EFBC}") = "RecapDemo1", "RecapDemo1\RecapDemo1.csproj", "{8F75C5B4-86E3-4598-8A91-36B691A6E749}"
EndProject
Global
	GlobalSection(SolutionConfigurationPlatforms) = preSolution
		Debug|Any CPU = Debug|Any CPU
		Release|Any CPU = Release|Any CPU
	EndGlobalSection
	GlobalSection(ProjectConfigurationPlatforms) = postSolution
		{67754E0A-884D-4285-B101-B4E07BBA4FD7}.Debug|Any CPU.ActiveCfg = Debug|Any CPU
		{67754E0A-884D-4285-B101-B4E07BBA4FD7}.Debug|Any CPU.Build.0 = Debug|Any CPU
		{67754E0A-884D-4285-B101-B4E07BBA4FD7}.Release|Any CPU.ActiveCfg = Release|Any CPU
		{67754E0A-884D-4285-B101-B4E07BBA4FD7}.Release|Any CPU.Build.0 = Release|Any CPU
		{0EE5F33D-EBA1-4C96-8D3C-A5DFEEDEE678}.Debug|Any CPU.ActiveCfg = Debug|Any CPU
		{0EE5F33D-EBA1-4C96-8D3C-A5DFEEDEE678}.Debug|Any CPU.Build.0 = Debug|Any CPU
		{0EE5F33D-EBA1-4C96-8D3C-A5DFEEDEE678}.Release|Any CPU.ActiveCfg = Release|Any CPU
		{0EE5F33D-EBA1-4C96-8D3C-A5DFEEDEE678}.Release|Any CPU.Build.0 = Release|Any CPU
		{49182BD5-916E-4E97-BA7E-078C519A9A10}.Debug|Any CPU.ActiveCfg = Debug|Any CPU
		{49182BD5-916E-4E97-BA7E-078C519A9A10}.Debug|Any CPU.Build.0 = Debug|Any CPU
		{49182BD5-916E-4E97-BA7E-078C519A9A10}.Release|Any CPU.ActiveCfg = Release|Any CPU
		{49182BD5-916E-4E97-BA7E-078C519A9A10}.Release|Any CPU.Build.0 = Release|Any CPU
		{A7BB198C-7032-4B3D-82B1-6BC5DC15BA87}.Debug|Any CPU.ActiveCfg = Debug|Any CPU
		{A7BB198C-7032-4B3D-82B1-6BC5DC15BA87}.Debug|Any CPU.Build.0 = Debug|Any CPU
		{A7BB198C-7032-4B3D-82B1-6BC5DC15BA87}.Release|Any CPU.ActiveCfg = Release|Any CPU
		{A7BB198C-7032-4B3D-82B1-6BC5DC15BA87}.Release|Any CPU.Build.0 = Release|Any CPU
		{27AE2D2C-509D-4512-8D2D-2F4EDD9E759A}.Debug|Any CPU.ActiveCfg = Debug|Any CPU
		{27AE2D2C-509D-4512-8D2D-2F4EDD9E759A}.Debug|Any CPU.Build.0 = Debug|Any CPU
		{27AE2D2C-509D-4512-8D2D-2F4EDD9E759A}.Release|Any CPU.ActiveCfg = Release|Any CPU
		{27AE2D2C-509D-4512-8D2D-2F4EDD9E759A}.Release|Any CPU.Build.0 = Release|Any CPU
		{C9E53E0D-D55B-43F6-A943-492A615A14D6}.Debug|Any CPU.ActiveCfg = Debug|Any CPU
		{C9E53E0D-D55B-43F6-A943-492A615A14D6}.Debug|Any CPU.Build.0 = Debug|Any CPU
		{C9E53E0D-D55B-43F6-A943-492A615A14D6}.Release|Any CPU.ActiveCfg = Release|Any CPU
		{C9E53E0D-D55B-43F6-A943-492A615A14D6}.Release|Any CPU.Build.0 = Release|Any CPU
		{C0916FF7-C8C6-48FE-AF80-3E12F0095013}.Debug|Any CPU.ActiveCfg = Debug|Any CPU
		{C0916FF7-C8C6-48FE-AF80-3E12F0095013}.Debug|Any CPU.Build.0 = Debug|Any CPU
		{C0916FF7-C8C6-48FE-AF80-3E12F0095013}.Release|Any CPU.ActiveCfg = Release|Any CPU
		{C0916FF7-C8C6-48FE-AF80-3E12F0095013}.Release|Any CPU.Build.0 = Release|Any CPU
		{7DCDF538-6C13-4C50-B9E7-6361DC755D1D}.Debug|Any CPU.ActiveCfg = Debug|Any CPU
		{7DCDF538-6C13-4C50-B9E7-6361DC755D1D}.Debug|Any CPU.Build.0 = Debug|Any CPU
		{7DCDF538-6C13-4C50-B9E7-6361DC755D1D}.Release|Any CPU.ActiveCfg = Release|Any CPU
		{7DCDF538-6C13-4C50-B9E7-6361DC755D1D}.Release|Any CPU.Build.0 = Release|Any CPU
		{8F75C5B4-86E3-4598-8A91-36B691A6E749}.Debug|Any CPU.ActiveCfg = Debug|Any CPU
		{8F75C5B4-86E3-4598-8A91-36B691A6E749}.Debug|Any CPU.Build.0 = Debug|Any CPU
		{8F75C5B4-86E3-4598-8A91-36B691A6E749}.Release|Any CPU.ActiveCfg = Release|Any CPU
		{8F75C5B4-86E3-4598-8A91-36B691A6E749}.Release|Any CPU.Build.0 = Release|Any CPU
	EndGlobalSection
	GlobalSection(SolutionProperties) = preSolution
		HideSolutionNode = FALSE
	EndGlobalSection
	GlobalSection(ExtensibilityGlobals) = postSolution
		SolutionGuid = {56E28FA9-9B37-4623-94BD-DD338B500D0F}
	EndGlobalSection
EndGlobal
