
Microsoft Visual Studio Solution File, Format Version 12.00
# Visual Studio Version 16
VisualStudioVersion = 16.0.31019.35
MinimumVisualStudioVersion = 10.0.40219.1
Project("{FAE04EC0-301F-11D3-BF4B-00C04F79EFBC}") = "Conditionals", "Conditionals\Conditionals.csproj", "{67754E0A-884D-4285-B101-B4E07BBA4FD7}"
EndProject
Project("{FAE04EC0-301F-11D3-BF4B-00C04F79EFBC}") = "Methods", "Methods\Methods.csproj", "{0EE5F33D-EBA1-4C96-8D3C-A5DFEEDEE678}"
EndProject
Project("{FAE04EC0-301F-11D3-BF4B-00C04F79EFBC}") = "Arrays", "Arrays\Arrays.csproj", "{49182BD5-916E-4E97-BA7E-078C519A9A10}"
EndProject
Project("{FAE04EC0-301F-11D3-BF4B-00C04F79EFBC}") = "Loops", "Loops\Loops.csproj", "{A7BB198C-7032-4B3D-82B1-6BC5DC15BA87}"
EndProject
Project("{FAE04EC0-301F-11D3-BF4B-00C04F79EFBC}") = "Strings", "Strings\Strings.csproj", "{27AE2D2C-509D-4512-8D2D-2F4EDD9E759A}"
EndProject
Project("{FAE04EC0-301F-11D3-BF4B-00C04F79EFBC}") = "Classes", "Classes\Classes.csproj", "{C9E53E0D-D55B-43F6-A943-492A615A14D6}"
EndProject
Project("{FAE04EC0-301F-11D3-BF4B-00C04F79EFBC}") = "Interfaces", "Interfaces\Interfaces.csproj", "{C0916FF7-C8C6-48FE-AF80-3E12F0095013}"
EndProject
Project("{FAE04EC0-301F-11D3-BF4B-00C04F79EFBC}") = "Inheritance", "Inheritance\Inheritance.csproj", "{7DCDF538-6C13-4C50-B9E7-6361DC755D1D}"
EndProject
Project("{FAE04EC0-301F-11D3-BF4B-00C04F79EFBC}") = "RecapDemo1", "RecapDemo1\RecapDemo1.csproj", "{8F75C5B4-86E3-4598-8A91-36B691A6E749}"
EndProject
Project("{FAE04EC0-301F-11D3-BF4B-00C04F79EFBC}") = "VirtualMethod", "VirtualMethod\VirtualMethod.csproj", "{513F65D3-AF6A-4D77-AF5B-4EFCBCBE33D7}"
EndProject
Project("{FAE04EC0-301F-11D3-BF4B-00C04F79EFBC}") = "AbstractClasses", "AbstractClasses\AbstractClasses.csproj", "{62DE929E-17DB-435B-B027-1CA32F126D5F}"
EndProject
Project("{FAE04EC0-301F-11D3-BF4B-00C04F79EFBC}") = "RecapDemo2", "RecapDemo2\RecapDemo2.csproj", "{1741ED4C-B6DD-47CE-B595-E4B66B309D7F}"
EndProject
Project("{FAE04EC0-301F-11D3-BF4B-00C04F79EFBC}") = "AccessModifiers", "AccessModifiers\AccessModifiers.csproj", "{AB5A1EA6-A515-4053-B549-CB7F53ED9F16}"
EndProject
Project("{FAE04EC0-301F-11D3-BF4B-00C04F79EFBC}") = "AccessModifierDemo", "AccessModifierDemo\AccessModifierDemo.csproj", "{590CF094-35DC-4B3B-AEF0-86A2AD5CD409}"
EndProject
Project("{FAE04EC0-301F-11D3-BF4B-00C04F79EFBC}") = "Constructors", "Constructors\Constructors.csproj", "{E7B1CC1B-620B-4084-AA7E-3374111D9B8F}"
EndProject
Project("{FAE04EC0-301F-11D3-BF4B-00C04F79EFBC}") = "ReferenceAndValueType", "ReferenceAndValueType\ReferenceAndValueType.csproj", "{CF944B58-7263-45CB-AE13-045F0D3681F6}"
EndProject
Project("{FAE04EC0-301F-11D3-BF4B-00C04F79EFBC}") = "Collections", "Collections\Collections.csproj", "{156C515B-59A5-46C5-BB74-AFF0C90C5A05}"
EndProject
Project("{FAE04EC0-301F-11D3-BF4B-00C04F79EFBC}") = "Exceptions", "Exceptions\Exceptions.csproj", "{FDE7069A-122A-49CA-AD48-5A26CE1F6381}"
EndProject
Global
	GlobalSection(SolutionConfigurationPlatforms) = preSolution
		Debug|Any CPU = Debug|Any CPU
		Release|Any CPU = Release|Any CPU
	EndGlobalSection
	GlobalSection(ProjectConfigurationPlatforms) = postSolution
		{67754E0A-884D-4285-B101-B4E07BBA4FD7}.Debug|Any CPU.ActiveCfg = Debug|Any CPU
		{67754E0A-884D-4285-B101-B4E07BBA4FD7}.Debug|Any CPU.Build.0 = Debug|Any CPU
		{67754E0A-884D-4285-B101-B4E07BBA4FD7}.Release|Any CPU.ActiveCfg = Release|Any CPU
		{67754E0A-884D-4285-B101-B4E07BBA4FD7}.Release|Any CPU.Build.0 = Release|Any CPU
		{0EE5F33D-EBA1-4C96-8D3C-A5DFEEDEE678}.Debug|Any CPU.ActiveCfg = Debug|Any CPU
		{0EE5F33D-EBA1-4C96-8D3C-A5DFEEDEE678}.Debug|Any CPU.Build.0 = Debug|Any CPU
		{0EE5F33D-EBA1-4C96-8D3C-A5DFEEDEE678}.Release|Any CPU.ActiveCfg = Release|Any CPU
		{0EE5F33D-EBA1-4C96-8D3C-A5DFEEDEE678}.Release|Any CPU.Build.0 = Release|Any CPU
		{49182BD5-916E-4E97-BA7E-078C519A9A10}.Debug|Any CPU.ActiveCfg = Debug|Any CPU
		{49182BD5-916E-4E97-BA7E-078C519A9A10}.Debug|Any CPU.Build.0 = Debug|Any CPU
		{49182BD5-916E-4E97-BA7E-078C519A9A10}.Release|Any CPU.ActiveCfg = Release|Any CPU
		{49182BD5-916E-4E97-BA7E-078C519A9A10}.Release|Any CPU.Build.0 = Release|Any CPU
		{A7BB198C-7032-4B3D-82B1-6BC5DC15BA87}.Debug|Any CPU.ActiveCfg = Debug|Any CPU
		{A7BB198C-7032-4B3D-82B1-6BC5DC15BA87}.Debug|Any CPU.Build.0 = Debug|Any CPU
		{A7BB198C-7032-4B3D-82B1-6BC5DC15BA87}.Release|Any CPU.ActiveCfg = Release|Any CPU
		{A7BB198C-7032-4B3D-82B1-6BC5DC15BA87}.Release|Any CPU.Build.0 = Release|Any CPU
		{27AE2D2C-509D-4512-8D2D-2F4EDD9E759A}.Debug|Any CPU.ActiveCfg = Debug|Any CPU
		{27AE2D2C-509D-4512-8D2D-2F4EDD9E759A}.Debug|Any CPU.Build.0 = Debug|Any CPU
		{27AE2D2C-509D-4512-8D2D-2F4EDD9E759A}.Release|Any CPU.ActiveCfg = Release|Any CPU
		{27AE2D2C-509D-4512-8D2D-2F4EDD9E759A}.Release|Any CPU.Build.0 = Release|Any CPU
		{C9E53E0D-D55B-43F6-A943-492A615A14D6}.Debug|Any CPU.ActiveCfg = Debug|Any CPU
		{C9E53E0D-D55B-43F6-A943-492A615A14D6}.Debug|Any CPU.Build.0 = Debug|Any CPU
		{C9E53E0D-D55B-43F6-A943-492A615A14D6}.Release|Any CPU.ActiveCfg = Release|Any CPU
		{C9E53E0D-D55B-43F6-A943-492A615A14D6}.Release|Any CPU.Build.0 = Release|Any CPU
		{C0916FF7-C8C6-48FE-AF80-3E12F0095013}.Debug|Any CPU.ActiveCfg = Debug|Any CPU
		{C0916FF7-C8C6-48FE-AF80-3E12F0095013}.Debug|Any CPU.Build.0 = Debug|Any CPU
		{C0916FF7-C8C6-48FE-AF80-3E12F0095013}.Release|Any CPU.ActiveCfg = Release|Any CPU
		{C0916FF7-C8C6-48FE-AF80-3E12F0095013}.Release|Any CPU.Build.0 = Release|Any CPU
		{7DCDF538-6C13-4C50-B9E7-6361DC755D1D}.Debug|Any CPU.ActiveCfg = Debug|Any CPU
		{7DCDF538-6C13-4C50-B9E7-6361DC755D1D}.Debug|Any CPU.Build.0 = Debug|Any CPU
		{7DCDF538-6C13-4C50-B9E7-6361DC755D1D}.Release|Any CPU.ActiveCfg = Release|Any CPU
		{7DCDF538-6C13-4C50-B9E7-6361DC755D1D}.Release|Any CPU.Build.0 = Release|Any CPU
		{8F75C5B4-86E3-4598-8A91-36B691A6E749}.Debug|Any CPU.ActiveCfg = Debug|Any CPU
		{8F75C5B4-86E3-4598-8A91-36B691A6E749}.Debug|Any CPU.Build.0 = Debug|Any CPU
		{8F75C5B4-86E3-4598-8A91-36B691A6E749}.Release|Any CPU.ActiveCfg = Release|Any CPU
		{8F75C5B4-86E3-4598-8A91-36B691A6E749}.Release|Any CPU.Build.0 = Release|Any CPU
		{513F65D3-AF6A-4D77-AF5B-4EFCBCBE33D7}.Debug|Any CPU.ActiveCfg = Debug|Any CPU
		{513F65D3-AF6A-4D77-AF5B-4EFCBCBE33D7}.Debug|Any CPU.Build.0 = Debug|Any CPU
		{513F65D3-AF6A-4D77-AF5B-4EFCBCBE33D7}.Release|Any CPU.ActiveCfg = Release|Any CPU
		{513F65D3-AF6A-4D77-AF5B-4EFCBCBE33D7}.Release|Any CPU.Build.0 = Release|Any CPU
		{62DE929E-17DB-435B-B027-1CA32F126D5F}.Debug|Any CPU.ActiveCfg = Debug|Any CPU
		{62DE929E-17DB-435B-B027-1CA32F126D5F}.Debug|Any CPU.Build.0 = Debug|Any CPU
		{62DE929E-17DB-435B-B027-1CA32F126D5F}.Release|Any CPU.ActiveCfg = Release|Any CPU
		{62DE929E-17DB-435B-B027-1CA32F126D5F}.Release|Any CPU.Build.0 = Release|Any CPU
		{1741ED4C-B6DD-47CE-B595-E4B66B309D7F}.Debug|Any CPU.ActiveCfg = Debug|Any CPU
		{1741ED4C-B6DD-47CE-B595-E4B66B309D7F}.Debug|Any CPU.Build.0 = Debug|Any CPU
		{1741ED4C-B6DD-47CE-B595-E4B66B309D7F}.Release|Any CPU.ActiveCfg = Release|Any CPU
		{1741ED4C-B6DD-47CE-B595-E4B66B309D7F}.Release|Any CPU.Build.0 = Release|Any CPU
		{AB5A1EA6-A515-4053-B549-CB7F53ED9F16}.Debug|Any CPU.ActiveCfg = Debug|Any CPU
		{AB5A1EA6-A515-4053-B549-CB7F53ED9F16}.Debug|Any CPU.Build.0 = Debug|Any CPU
		{AB5A1EA6-A515-4053-B549-CB7F53ED9F16}.Release|Any CPU.ActiveCfg = Release|Any CPU
		{AB5A1EA6-A515-4053-B549-CB7F53ED9F16}.Release|Any CPU.Build.0 = Release|Any CPU
		{590CF094-35DC-4B3B-AEF0-86A2AD5CD409}.Debug|Any CPU.ActiveCfg = Debug|Any CPU
		{590CF094-35DC-4B3B-AEF0-86A2AD5CD409}.Debug|Any CPU.Build.0 = Debug|Any CPU
		{590CF094-35DC-4B3B-AEF0-86A2AD5CD409}.Release|Any CPU.ActiveCfg = Release|Any CPU
		{590CF094-35DC-4B3B-AEF0-86A2AD5CD409}.Release|Any CPU.Build.0 = Release|Any CPU
		{E7B1CC1B-620B-4084-AA7E-3374111D9B8F}.Debug|Any CPU.ActiveCfg = Debug|Any CPU
		{E7B1CC1B-620B-4084-AA7E-3374111D9B8F}.Debug|Any CPU.Build.0 = Debug|Any CPU
		{E7B1CC1B-620B-4084-AA7E-3374111D9B8F}.Release|Any CPU.ActiveCfg = Release|Any CPU
		{E7B1CC1B-620B-4084-AA7E-3374111D9B8F}.Release|Any CPU.Build.0 = Release|Any CPU
		{CF944B58-7263-45CB-AE13-045F0D3681F6}.Debug|Any CPU.ActiveCfg = Debug|Any CPU
		{CF944B58-7263-45CB-AE13-045F0D3681F6}.Debug|Any CPU.Build.0 = Debug|Any CPU
		{CF944B58-7263-45CB-AE13-045F0D3681F6}.Release|Any CPU.ActiveCfg = Release|Any CPU
		{CF944B58-7263-45CB-AE13-045F0D3681F6}.Release|Any CPU.Build.0 = Release|Any CPU
		{156C515B-59A5-46C5-BB74-AFF0C90C5A05}.Debug|Any CPU.ActiveCfg = Debug|Any CPU
		{156C515B-59A5-46C5-BB74-AFF0C90C5A05}.Debug|Any CPU.Build.0 = Debug|Any CPU
		{156C515B-59A5-46C5-BB74-AFF0C90C5A05}.Release|Any CPU.ActiveCfg = Release|Any CPU
		{156C515B-59A5-46C5-BB74-AFF0C90C5A05}.Release|Any CPU.Build.0 = Release|Any CPU
		{FDE7069A-122A-49CA-AD48-5A26CE1F6381}.Debug|Any CPU.ActiveCfg = Debug|Any CPU
		{FDE7069A-122A-49CA-AD48-5A26CE1F6381}.Debug|Any CPU.Build.0 = Debug|Any CPU
		{FDE7069A-122A-49CA-AD48-5A26CE1F6381}.Release|Any CPU.ActiveCfg = Release|Any CPU
		{FDE7069A-122A-49CA-AD48-5A26CE1F6381}.Release|Any CPU.Build.0 = Release|Any CPU
	EndGlobalSection
	GlobalSection(SolutionProperties) = preSolution
		HideSolutionNode = FALSE
	EndGlobalSection
	GlobalSection(ExtensibilityGlobals) = postSolution
		SolutionGuid = {56E28FA9-9B37-4623-94BD-DD338B500D0F}
	EndGlobalSection
EndGlobal
